
Microsoft Visual Studio Solution File, Format Version 12.00
# Visual Studio Version 16
VisualStudioVersion = 16.0.31019.35
MinimumVisualStudioVersion = 10.0.40219.1
Project("{FAE04EC0-301F-11D3-BF4B-00C04F79EFBC}") = "ProjetoValida", "ProjetoValida.csproj", "{8D02856B-CFAD-474B-A1DE-24521ABCE24D}"
EndProject
Global
	GlobalSection(SolutionConfigurationPlatforms) = preSolution
		Debug|Any CPU = Debug|Any CPU
		Release|Any CPU = Release|Any CPU
	EndGlobalSection
	GlobalSection(ProjectConfigurationPlatforms) = postSolution
		{8D02856B-CFAD-474B-A1DE-24521ABCE24D}.Debug|Any CPU.ActiveCfg = Debug|Any CPU
		{8D02856B-CFAD-474B-A1DE-24521ABCE24D}.Debug|Any CPU.Build.0 = Debug|Any CPU
		{8D02856B-CFAD-474B-A1DE-24521ABCE24D}.Release|Any CPU.ActiveCfg = Release|Any CPU
		{8D02856B-CFAD-474B-A1DE-24521ABCE24D}.Release|Any CPU.Build.0 = Release|Any CPU
	EndGlobalSection
	GlobalSection(SolutionProperties) = preSolution
		HideSolutionNode = FALSE
	EndGlobalSection
	GlobalSection(ExtensibilityGlobals) = postSolution
		SolutionGuid = {5071A366-086A-47DC-9CB7-CF76CEC97FDF}
	EndGlobalSection
EndGlobal
