
Microsoft Visual Studio Solution File, Format Version 12.00
# Visual Studio Version 16
VisualStudioVersion = 16.0.31019.35
MinimumVisualStudioVersion = 10.0.40219.1
Project("{FAE04EC0-301F-11D3-BF4B-00C04F79EFBC}") = "AulaFormulario", "AulaFormulario.csproj", "{CF9E9155-F70A-4FDC-A86B-24B19A0F9683}"
EndProject
Global
	GlobalSection(SolutionConfigurationPlatforms) = preSolution
		Debug|Any CPU = Debug|Any CPU
		Release|Any CPU = Release|Any CPU
	EndGlobalSection
	GlobalSection(ProjectConfigurationPlatforms) = postSolution
		{CF9E9155-F70A-4FDC-A86B-24B19A0F9683}.Debug|Any CPU.ActiveCfg = Debug|Any CPU
		{CF9E9155-F70A-4FDC-A86B-24B19A0F9683}.Debug|Any CPU.Build.0 = Debug|Any CPU
		{CF9E9155-F70A-4FDC-A86B-24B19A0F9683}.Release|Any CPU.ActiveCfg = Release|Any CPU
		{CF9E9155-F70A-4FDC-A86B-24B19A0F9683}.Release|Any CPU.Build.0 = Release|Any CPU
	EndGlobalSection
	GlobalSection(SolutionProperties) = preSolution
		HideSolutionNode = FALSE
	EndGlobalSection
	GlobalSection(ExtensibilityGlobals) = postSolution
		SolutionGuid = {0853FADB-0BE6-454D-9419-6B7F1E08A027}
	EndGlobalSection
EndGlobal
