
Microsoft Visual Studio Solution File, Format Version 12.00
# Visual Studio Version 16
VisualStudioVersion = 16.0.31019.35
MinimumVisualStudioVersion = 10.0.40219.1
Project("{FAE04EC0-301F-11D3-BF4B-00C04F79EFBC}") = "RodizioPlaca", "RodizioPlaca.csproj", "{4169236F-E112-4C36-8FF6-2E6D0C76CF48}"
EndProject
Global
	GlobalSection(SolutionConfigurationPlatforms) = preSolution
		Debug|Any CPU = Debug|Any CPU
		Release|Any CPU = Release|Any CPU
	EndGlobalSection
	GlobalSection(ProjectConfigurationPlatforms) = postSolution
		{4169236F-E112-4C36-8FF6-2E6D0C76CF48}.Debug|Any CPU.ActiveCfg = Debug|Any CPU
		{4169236F-E112-4C36-8FF6-2E6D0C76CF48}.Debug|Any CPU.Build.0 = Debug|Any CPU
		{4169236F-E112-4C36-8FF6-2E6D0C76CF48}.Release|Any CPU.ActiveCfg = Release|Any CPU
		{4169236F-E112-4C36-8FF6-2E6D0C76CF48}.Release|Any CPU.Build.0 = Release|Any CPU
	EndGlobalSection
	GlobalSection(SolutionProperties) = preSolution
		HideSolutionNode = FALSE
	EndGlobalSection
	GlobalSection(ExtensibilityGlobals) = postSolution
		SolutionGuid = {4BF9034A-B2BC-401B-BE3F-BE65C483A1E0}
	EndGlobalSection
EndGlobal
