
Microsoft Visual Studio Solution File, Format Version 12.00
# Visual Studio Version 16
VisualStudioVersion = 16.0.31019.35
MinimumVisualStudioVersion = 10.0.40219.1
Project("{FAE04EC0-301F-11D3-BF4B-00C04F79EFBC}") = "AtividadeVetor", "AtividadeVetor.csproj", "{D9626B7D-32BB-4CA2-82B5-A6370CA9AC82}"
EndProject
Global
	GlobalSection(SolutionConfigurationPlatforms) = preSolution
		Debug|Any CPU = Debug|Any CPU
		Release|Any CPU = Release|Any CPU
	EndGlobalSection
	GlobalSection(ProjectConfigurationPlatforms) = postSolution
		{D9626B7D-32BB-4CA2-82B5-A6370CA9AC82}.Debug|Any CPU.ActiveCfg = Debug|Any CPU
		{D9626B7D-32BB-4CA2-82B5-A6370CA9AC82}.Debug|Any CPU.Build.0 = Debug|Any CPU
		{D9626B7D-32BB-4CA2-82B5-A6370CA9AC82}.Release|Any CPU.ActiveCfg = Release|Any CPU
		{D9626B7D-32BB-4CA2-82B5-A6370CA9AC82}.Release|Any CPU.Build.0 = Release|Any CPU
	EndGlobalSection
	GlobalSection(SolutionProperties) = preSolution
		HideSolutionNode = FALSE
	EndGlobalSection
	GlobalSection(ExtensibilityGlobals) = postSolution
		SolutionGuid = {CDF8456A-26DF-4305-BD97-F68BEB594471}
	EndGlobalSection
EndGlobal
