
Microsoft Visual Studio Solution File, Format Version 12.00
# Visual Studio Version 16
VisualStudioVersion = 16.0.31019.35
MinimumVisualStudioVersion = 10.0.40219.1
Project("{FAE04EC0-301F-11D3-BF4B-00C04F79EFBC}") = "CalcularIMC", "CalcularIMC.csproj", "{FE527D36-1BDD-4E34-AA4A-194F7A1D3FC2}"
EndProject
Global
	GlobalSection(SolutionConfigurationPlatforms) = preSolution
		Debug|Any CPU = Debug|Any CPU
		Release|Any CPU = Release|Any CPU
	EndGlobalSection
	GlobalSection(ProjectConfigurationPlatforms) = postSolution
		{FE527D36-1BDD-4E34-AA4A-194F7A1D3FC2}.Debug|Any CPU.ActiveCfg = Debug|Any CPU
		{FE527D36-1BDD-4E34-AA4A-194F7A1D3FC2}.Debug|Any CPU.Build.0 = Debug|Any CPU
		{FE527D36-1BDD-4E34-AA4A-194F7A1D3FC2}.Release|Any CPU.ActiveCfg = Release|Any CPU
		{FE527D36-1BDD-4E34-AA4A-194F7A1D3FC2}.Release|Any CPU.Build.0 = Release|Any CPU
	EndGlobalSection
	GlobalSection(SolutionProperties) = preSolution
		HideSolutionNode = FALSE
	EndGlobalSection
	GlobalSection(ExtensibilityGlobals) = postSolution
		SolutionGuid = {84C9F2B0-2BD9-413E-A6E6-B9E4A74E1F6D}
	EndGlobalSection
EndGlobal
